{
	"name": "@ihsm/core",
	"version": "0.0.22",
	"lockfileVersion": 3,
	"requires": true,
	"packages": {
		"": {
			"name": "@ihsm/core",
			"version": "0.0.22",
			"license": "MIT",
			"dependencies": {
				"ihsm": "0.0.22"
			},
			"devDependencies": {
				"ihsm": "file:../ihsm",
				"typescript": "^6.0.3"
			},
			"engines": {
				"node": ">=22"
			}
		},
		"../ihsm": {
			"version": "0.0.22",
			"dev": true,
			"license": "MIT",
			"workspaces": [
				"website"
			],
			"devDependencies": {
				"@eslint/js": "^10.0.1",
				"@istanbuljs/nyc-config-typescript": "^1.0.2",
				"@types/chai": "^5.2.3",
				"@types/mocha": "^10.0.10",
				"@types/node": "^25.9.1",
				"chai": "^6.2.2",
				"esbuild": "^0.25.0",
				"eslint": "^10.4.1",
				"eslint-config-prettier": "^10.1.8",
				"mocha": "^11.7.6",
				"nyc": "^18.0.0",
				"playwright": "^1.52.0",
				"prettier": "^3.8.3",
				"ts-node": "^10.9.2",
				"typedoc": "^0.28.19",
				"typedoc-plugin-markdown": "^4.11.0",
				"typescript": "^6.0.3",
				"typescript-eslint": "^8.60.0"
			},
			"engines": {
				"node": ">=22"
			}
		},
		"node_modules/ihsm": {
			"resolved": "../ihsm",
			"link": true
		},
		"node_modules/typescript": {
			"version": "6.0.3",
			"resolved": "https://registry.npmjs.org/typescript/-/typescript-6.0.3.tgz",
			"integrity": "sha512-y2TvuxSZPDyQakkFRPZHKFm+KKVqIisdg9/CZwm9ftvKXLP8NRWj38/ODjNbr43SsoXqNuAisEf1GdCxqWcdBw==",
			"dev": true,
			"license": "Apache-2.0",
			"bin": {
				"tsc": "bin/tsc",
				"tsserver": "bin/tsserver"
			},
			"engines": {
				"node": ">=14.17"
			}
		}
	}
}
